
Microsoft Visual Studio Solution File, Format Version 12.00
# Visual Studio 15
VisualStudioVersion = 15.0.27004.2010
MinimumVisualStudioVersion = 10.0.40219.1
Project("{FAE04EC0-301F-11D3-BF4B-00C04F79EFBC}") = "PSA-TPF-Parking", "PSA-TPF-Parking\PSA-TPF-Parking.csproj", "{FC4853C1-E429-4ACF-A232-815693B7EED9}"
EndProject
Global
	GlobalSection(SolutionConfigurationPlatforms) = preSolution
		Debug|Any CPU = Debug|Any CPU
		Release|Any CPU = Release|Any CPU
	EndGlobalSection
	GlobalSection(ProjectConfigurationPlatforms) = postSolution
		{FC4853C1-E429-4ACF-A232-815693B7EED9}.Debug|Any CPU.ActiveCfg = Debug|Any CPU
		{FC4853C1-E429-4ACF-A232-815693B7EED9}.Debug|Any CPU.Build.0 = Debug|Any CPU
		{FC4853C1-E429-4ACF-A232-815693B7EED9}.Release|Any CPU.ActiveCfg = Release|Any CPU
		{FC4853C1-E429-4ACF-A232-815693B7EED9}.Release|Any CPU.Build.0 = Release|Any CPU
	EndGlobalSection
	GlobalSection(SolutionProperties) = preSolution
		HideSolutionNode = FALSE
	EndGlobalSection
	GlobalSection(ExtensibilityGlobals) = postSolution
		SolutionGuid = {CF86D599-3880-4746-A34A-00E9A22352E6}
	EndGlobalSection
EndGlobal
